# THIS IS AN AUTOGENERATED FILE. DO NOT EDIT THIS FILE DIRECTLY.
# yarn lockfile v1


"@types/react@^16.0.31":
  version "16.4.6"
  resolved "https://registry.yarnpkg.com/@types/react/-/react-16.4.6.tgz#5024957c6bcef4f02823accf5974faba2e54fada"
  dependencies:
    csstype "^2.2.0"

complex.js@2.0.11:
  version "2.0.11"
  resolved "https://registry.yarnpkg.com/complex.js/-/complex.js-2.0.11.tgz#09a873fbf15ffd8c18c9c2201ccef425c32b8bf1"

csstype@^2.2.0:
  version "2.5.5"
  resolved "https://registry.yarnpkg.com/csstype/-/csstype-2.5.5.tgz#4125484a3d42189a863943f23b9e4b80fedfa106"

decimal.js@10.0.1:
  version "10.0.1"
  resolved "https://registry.yarnpkg.com/decimal.js/-/decimal.js-10.0.1.tgz#d04b16b277f0f9af09671cee225c4882e8857c58"

escape-latex@1.1.1:
  version "1.1.1"
  resolved "https://registry.yarnpkg.com/escape-latex/-/escape-latex-1.1.1.tgz#657d8632af8849a5db8766778d4a43da9dec3376"

fraction.js@4.0.9:
  version "4.0.9"
  resolved "https://registry.yarnpkg.com/fraction.js/-/fraction.js-4.0.9.tgz#ef7aa1ad47ef600021ad7fa7991dfd56c3b5f7c8"

framer@^0.10.1:
  version "0.10.1"
  resolved "https://registry.yarnpkg.com/framer/-/framer-0.10.1.tgz#c543e0435f12971dc9c3cfab79c6f1f316261b6f"

javascript-natural-sort@0.7.1:
  version "0.7.1"
  resolved "https://registry.yarnpkg.com/javascript-natural-sort/-/javascript-natural-sort-0.7.1.tgz#f9e2303d4507f6d74355a73664d1440fb5a0ef59"

mathjs@^5.2.0:
  version "5.2.0"
  resolved "https://registry.yarnpkg.com/mathjs/-/mathjs-5.2.0.tgz#229de7b08ba2fdab5f5b9ec4470061c4123d3bc4"
  dependencies:
    complex.js "2.0.11"
    decimal.js "10.0.1"
    escape-latex "1.1.1"
    fraction.js "4.0.9"
    javascript-natural-sort "0.7.1"
    seed-random "2.2.0"
    tiny-emitter "2.0.2"
    typed-function "1.1.0"

seed-random@2.2.0:
  version "2.2.0"
  resolved "https://registry.yarnpkg.com/seed-random/-/seed-random-2.2.0.tgz#2a9b19e250a817099231a5b99a4daf80b7fbed54"

tiny-emitter@2.0.2:
  version "2.0.2"
  resolved "https://registry.yarnpkg.com/tiny-emitter/-/tiny-emitter-2.0.2.tgz#82d27468aca5ade8e5fd1e6d22b57dd43ebdfb7c"

typed-function@1.1.0:
  version "1.1.0"
  resolved "https://registry.yarnpkg.com/typed-function/-/typed-function-1.1.0.tgz#ea149706e0fb42aca1791c053a6d94ccd6c4fdcb"
