# THIS IS AN AUTOGENERATED FILE. DO NOT EDIT THIS FILE DIRECTLY.
# yarn lockfile v1


"@framer/benjamin.profile@^1.11.0":
  version "1.11.0"
  resolved "https://registry.framer.com/@framer/benjamin.profile/-/@framer/benjamin.profile-1.11.0.tgz#71641b1f50cd24f042dc662bd53c8858d42721b1"
  integrity sha1-cWQbH1DNJPBC3GYr1TyIWNQnIbE=
  dependencies:
    "@types/react" "^16.0.31"
    react "^16.3.0"
    react-dom "^16.3.0"

"@types/react@^16.0.31":
  version "16.4.6"
  resolved "https://registry.yarnpkg.com/@types/react/-/react-16.4.6.tgz#5024957c6bcef4f02823accf5974faba2e54fada"
  integrity sha512-9LDZdhsuKSc+DjY65SjBkA958oBWcTWSVWAd2cD9XqKBjhGw1KzAkRhWRw2eIsXvaIE/TOTjjKMFVC+JA1iU4g==
  dependencies:
    csstype "^2.2.0"

asap@~2.0.3:
  version "2.0.6"
  resolved "https://registry.yarnpkg.com/asap/-/asap-2.0.6.tgz#e50347611d7e690943208bbdafebcbc2fb866d46"
  integrity sha1-5QNHYR1+aQlDIIu9r+vLwvuGbUY=

complex.js@2.0.11:
  version "2.0.11"
  resolved "https://registry.yarnpkg.com/complex.js/-/complex.js-2.0.11.tgz#09a873fbf15ffd8c18c9c2201ccef425c32b8bf1"
  integrity sha512-6IArJLApNtdg1P1dFtn3dnyzoZBEF0MwMnrfF1exSBRpZYoy4yieMkpZhQDC0uwctw48vii0CFVyHfpgZ/DfGw==

core-js@^1.0.0:
  version "1.2.7"
  resolved "https://registry.yarnpkg.com/core-js/-/core-js-1.2.7.tgz#652294c14651db28fa93bd2d5ff2983a4f08c636"
  integrity sha1-ZSKUwUZR2yj6k70tX/KYOk8IxjY=

csstype@^2.2.0:
  version "2.5.5"
  resolved "https://registry.yarnpkg.com/csstype/-/csstype-2.5.5.tgz#4125484a3d42189a863943f23b9e4b80fedfa106"
  integrity sha512-EGMjeoiN3aqEX5u/cyH5mSdGBDGdLcCQvcEcBWNGFSPXKd9uOTIeVG91YQ22OxI44DKpvI+4C7VUSmEpsHWJaA==

decimal.js@10.0.1:
  version "10.0.1"
  resolved "https://registry.yarnpkg.com/decimal.js/-/decimal.js-10.0.1.tgz#d04b16b277f0f9af09671cee225c4882e8857c58"
  integrity sha512-vklWB5C4Cj423xnaOtsUmAv0/7GqlXIgDv2ZKDyR64OV3OSzGHNx2mk4p/1EKnB5s70k73cIOOEcG9YzF0q4Lw==

draft-js@0.10.4:
  version "0.10.4"
  resolved "https://registry.yarnpkg.com/draft-js/-/draft-js-0.10.4.tgz#147741642097c8120d8edc232e9503e8b7fb8d35"
  integrity sha1-FHdBZCCXyBINjtwjLpUD6Lf7jTU=
  dependencies:
    fbjs "^0.8.15"
    immutable "~3.7.4"
    object-assign "^4.1.0"

encoding@^0.1.11:
  version "0.1.12"
  resolved "https://registry.yarnpkg.com/encoding/-/encoding-0.1.12.tgz#538b66f3ee62cd1ab51ec323829d1f9480c74beb"
  integrity sha1-U4tm8+5izRq1HsMjgp0flIDHS+s=
  dependencies:
    iconv-lite "~0.4.13"

escape-latex@1.1.1:
  version "1.1.1"
  resolved "https://registry.yarnpkg.com/escape-latex/-/escape-latex-1.1.1.tgz#657d8632af8849a5db8766778d4a43da9dec3376"
  integrity sha512-N2D6Z2kXh8x/pQNQH+natXDCwrzghhXMRII5dZ518mlTLeuba80NL0LCQyaahqOrAidoLivmmG6GKPnGhHse+A==

eventemitter3@^3.1.0:
  version "3.1.0"
  resolved "https://registry.yarnpkg.com/eventemitter3/-/eventemitter3-3.1.0.tgz#090b4d6cdbd645ed10bf750d4b5407942d7ba163"
  integrity sha512-ivIvhpq/Y0uSjcHDcOIccjmYjGLcP09MFGE7ysAwkAvkXfpZlC985pH2/ui64DKazbTW/4kN3yqozUxlXzI6cA==

fbjs@^0.8.15, fbjs@^0.8.16:
  version "0.8.17"
  resolved "https://registry.yarnpkg.com/fbjs/-/fbjs-0.8.17.tgz#c4d598ead6949112653d6588b01a5cdcd9f90fdd"
  integrity sha1-xNWY6taUkRJlPWWIsBpc3Nn5D90=
  dependencies:
    core-js "^1.0.0"
    isomorphic-fetch "^2.1.1"
    loose-envify "^1.0.0"
    object-assign "^4.1.0"
    promise "^7.1.1"
    setimmediate "^1.0.5"
    ua-parser-js "^0.7.18"

fraction.js@4.0.9:
  version "4.0.9"
  resolved "https://registry.yarnpkg.com/fraction.js/-/fraction.js-4.0.9.tgz#ef7aa1ad47ef600021ad7fa7991dfd56c3b5f7c8"
  integrity sha512-qP1sNwdrcA+Vs5TTvGETuaaUmz4Tm48V6Jc+8Oh/gqvkb1d42s99w5kvSrZkIATp/mz3rV4CTef6xINkCofu+A==

framer@^0.8.0:
  version "0.8.0"
  resolved "https://registry.yarnpkg.com/framer/-/framer-0.8.0.tgz#79928b5e16af2594683f0a3f70d044a3219d8a3d"
  integrity sha512-z8d+weliMgOU9aqFVQFxxH5cKPp4bq46OUFliXFAeeCVB/XGjOKJnEpFtgIEfH+6aV3sanuOlw911FbKC7+dtA==
  dependencies:
    draft-js "0.10.4"
    eventemitter3 "^3.1.0"
    hsluv "^0.0.3"
    immutable "^3.8.2"

hsluv@^0.0.3:
  version "0.0.3"
  resolved "https://registry.yarnpkg.com/hsluv/-/hsluv-0.0.3.tgz#829107dafb4a9f8b52a1809ed02e091eade6754c"
  integrity sha1-gpEH2vtKn4tSoYCe0C4JHq3mdUw=

iconv-lite@~0.4.13:
  version "0.4.23"
  resolved "https://registry.yarnpkg.com/iconv-lite/-/iconv-lite-0.4.23.tgz#297871f63be507adcfbfca715d0cd0eed84e9a63"
  integrity sha512-neyTUVFtahjf0mB3dZT77u+8O0QB89jFdnBkd5P1JgYPbPaia3gXXOVL2fq8VyU2gMMD7SaN7QukTB/pmXYvDA==
  dependencies:
    safer-buffer ">= 2.1.2 < 3"

immutable@^3.8.2:
  version "3.8.2"
  resolved "https://registry.yarnpkg.com/immutable/-/immutable-3.8.2.tgz#c2439951455bb39913daf281376f1530e104adf3"
  integrity sha1-wkOZUUVbs5kT2vKBN28VMOEErfM=

immutable@~3.7.4:
  version "3.7.6"
  resolved "https://registry.yarnpkg.com/immutable/-/immutable-3.7.6.tgz#13b4d3cb12befa15482a26fe1b2ebae640071e4b"
  integrity sha1-E7TTyxK++hVIKib+Gy665kAHHks=

is-stream@^1.0.1:
  version "1.1.0"
  resolved "https://registry.yarnpkg.com/is-stream/-/is-stream-1.1.0.tgz#12d4a3dd4e68e0b79ceb8dbc84173ae80d91ca44"
  integrity sha1-EtSj3U5o4Lec6428hBc66A2RykQ=

isomorphic-fetch@^2.1.1:
  version "2.2.1"
  resolved "https://registry.yarnpkg.com/isomorphic-fetch/-/isomorphic-fetch-2.2.1.tgz#611ae1acf14f5e81f729507472819fe9733558a9"
  integrity sha1-YRrhrPFPXoH3KVB0coGf6XM1WKk=
  dependencies:
    node-fetch "^1.0.1"
    whatwg-fetch ">=0.10.0"

javascript-natural-sort@0.7.1:
  version "0.7.1"
  resolved "https://registry.yarnpkg.com/javascript-natural-sort/-/javascript-natural-sort-0.7.1.tgz#f9e2303d4507f6d74355a73664d1440fb5a0ef59"
  integrity sha1-+eIwPUUH9tdDVac2ZNFED7Wg71k=

"js-tokens@^3.0.0 || ^4.0.0":
  version "4.0.0"
  resolved "https://registry.yarnpkg.com/js-tokens/-/js-tokens-4.0.0.tgz#19203fb59991df98e3a287050d4647cdeaf32499"
  integrity sha512-RdJUflcE3cUzKiMqQgsCu06FPu9UdIJO0beYbPhHN4k6apgJtifcoCtT9bcxOpYBtpD2kCM6Sbzg4CausW/PKQ==

loose-envify@^1.0.0, loose-envify@^1.1.0, loose-envify@^1.3.1:
  version "1.4.0"
  resolved "https://registry.yarnpkg.com/loose-envify/-/loose-envify-1.4.0.tgz#71ee51fa7be4caec1a63839f7e682d8132d30caf"
  integrity sha512-lyuxPGr/Wfhrlem2CL/UcnUc1zcqKAImBDzukY7Y5F/yQiNdko6+fRLevlw1HgMySw7f611UIY408EtxRSoK3Q==
  dependencies:
    js-tokens "^3.0.0 || ^4.0.0"

mathjs@^5.2.0:
  version "5.2.0"
  resolved "https://registry.yarnpkg.com/mathjs/-/mathjs-5.2.0.tgz#229de7b08ba2fdab5f5b9ec4470061c4123d3bc4"
  integrity sha512-TwiegJ/k9zXRhyYFjeuBB5Nmw+GXDq4pRC9bcRhRlq654DZLv4QAvp24l9dEk2G2QiU1PfzvP1dd/CCEqsMZ+w==
  dependencies:
    complex.js "2.0.11"
    decimal.js "10.0.1"
    escape-latex "1.1.1"
    fraction.js "4.0.9"
    javascript-natural-sort "0.7.1"
    seed-random "2.2.0"
    tiny-emitter "2.0.2"
    typed-function "1.1.0"

node-fetch@^1.0.1:
  version "1.7.3"
  resolved "https://registry.yarnpkg.com/node-fetch/-/node-fetch-1.7.3.tgz#980f6f72d85211a5347c6b2bc18c5b84c3eb47ef"
  integrity sha512-NhZ4CsKx7cYm2vSrBAr2PvFOe6sWDf0UYLRqA6svUYg7+/TSfVAu49jYC4BvQ4Sms9SZgdqGBgroqfDhJdTyKQ==
  dependencies:
    encoding "^0.1.11"
    is-stream "^1.0.1"

object-assign@^4.1.0, object-assign@^4.1.1:
  version "4.1.1"
  resolved "https://registry.yarnpkg.com/object-assign/-/object-assign-4.1.1.tgz#2109adc7965887cfc05cbbd442cac8bfbb360863"
  integrity sha1-IQmtx5ZYh8/AXLvUQsrIv7s2CGM=

promise@^7.1.1:
  version "7.3.1"
  resolved "https://registry.yarnpkg.com/promise/-/promise-7.3.1.tgz#064b72602b18f90f29192b8b1bc418ffd1ebd3bf"
  integrity sha512-nolQXZ/4L+bP/UGlkfaIujX9BKxGwmQ9OT4mOt5yvy8iK1h3wqTEJCijzGANTCCl9nWjY41juyAn2K3Q1hLLTg==
  dependencies:
    asap "~2.0.3"

prop-types@^15.6.0:
  version "15.6.2"
  resolved "https://registry.yarnpkg.com/prop-types/-/prop-types-15.6.2.tgz#05d5ca77b4453e985d60fc7ff8c859094a497102"
  integrity sha512-3pboPvLiWD7dkI3qf3KbUe6hKFKa52w+AE0VCqECtf+QHAKgOL37tTaNCnuX1nAAQ4ZhyP+kYVKf8rLmJ/feDQ==
  dependencies:
    loose-envify "^1.3.1"
    object-assign "^4.1.1"

react-dom@^16.3.0:
  version "16.4.2"
  resolved "https://registry.yarnpkg.com/react-dom/-/react-dom-16.4.2.tgz#4afed569689f2c561d2b8da0b819669c38a0bda4"
  integrity sha512-Usl73nQqzvmJN+89r97zmeUpQDKDlh58eX6Hbs/ERdDHzeBzWy+ENk7fsGQ+5KxArV1iOFPT46/VneklK9zoWw==
  dependencies:
    fbjs "^0.8.16"
    loose-envify "^1.1.0"
    object-assign "^4.1.1"
    prop-types "^15.6.0"

react@^16.3.0:
  version "16.4.2"
  resolved "https://registry.yarnpkg.com/react/-/react-16.4.2.tgz#2cd90154e3a9d9dd8da2991149fdca3c260e129f"
  integrity sha512-dMv7YrbxO4y2aqnvA7f/ik9ibeLSHQJTI6TrYAenPSaQ6OXfb+Oti+oJiy8WBxgRzlKatYqtCjphTgDSCEiWFg==
  dependencies:
    fbjs "^0.8.16"
    loose-envify "^1.1.0"
    object-assign "^4.1.1"
    prop-types "^15.6.0"

"safer-buffer@>= 2.1.2 < 3":
  version "2.1.2"
  resolved "https://registry.yarnpkg.com/safer-buffer/-/safer-buffer-2.1.2.tgz#44fa161b0187b9549dd84bb91802f9bd8385cd6a"
  integrity sha512-YZo3K82SD7Riyi0E1EQPojLz7kpepnSQI9IyPbHHg1XXXevb5dJI7tpyN2ADxGcQbHG7vcyRHk0cbwqcQriUtg==

seed-random@2.2.0:
  version "2.2.0"
  resolved "https://registry.yarnpkg.com/seed-random/-/seed-random-2.2.0.tgz#2a9b19e250a817099231a5b99a4daf80b7fbed54"
  integrity sha1-KpsZ4lCoFwmSMaW5mk2vgLf77VQ=

setimmediate@^1.0.5:
  version "1.0.5"
  resolved "https://registry.yarnpkg.com/setimmediate/-/setimmediate-1.0.5.tgz#290cbb232e306942d7d7ea9b83732ab7856f8285"
  integrity sha1-KQy7Iy4waULX1+qbg3Mqt4VvgoU=

tiny-emitter@2.0.2:
  version "2.0.2"
  resolved "https://registry.yarnpkg.com/tiny-emitter/-/tiny-emitter-2.0.2.tgz#82d27468aca5ade8e5fd1e6d22b57dd43ebdfb7c"
  integrity sha512-2NM0auVBGft5tee/OxP4PI3d8WItkDM+fPnaRAVo6xTDI2knbz9eC5ArWGqtGlYqiH3RU5yMpdyTTO7MguC4ow==

typed-function@1.1.0:
  version "1.1.0"
  resolved "https://registry.yarnpkg.com/typed-function/-/typed-function-1.1.0.tgz#ea149706e0fb42aca1791c053a6d94ccd6c4fdcb"
  integrity sha512-TuQzwiT4DDg19beHam3E66oRXhyqlyfgjHB/5fcvsRXbfmWPJfto9B4a0TBdTrQAPGlGmXh/k7iUI+WsObgORA==

ua-parser-js@^0.7.18:
  version "0.7.18"
  resolved "https://registry.yarnpkg.com/ua-parser-js/-/ua-parser-js-0.7.18.tgz#a7bfd92f56edfb117083b69e31d2aa8882d4b1ed"
  integrity sha512-LtzwHlVHwFGTptfNSgezHp7WUlwiqb0gA9AALRbKaERfxwJoiX0A73QbTToxteIAuIaFshhgIZfqK8s7clqgnA==

whatwg-fetch@>=0.10.0:
  version "2.0.4"
  resolved "https://registry.yarnpkg.com/whatwg-fetch/-/whatwg-fetch-2.0.4.tgz#dde6a5df315f9d39991aa17621853d720b85566f"
  integrity sha512-dcQ1GWpOD/eEQ97k66aiEVpNnapVj90/+R+SXTPYGHpYBBypfKJEQjLrvMZ7YXbKm21gXd4NcuxUTjiv1YtLng==
